
Microsoft Visual Studio Solution File, Format Version 12.00
# Visual Studio Version 17
VisualStudioVersion = 17.1.32228.430
MinimumVisualStudioVersion = 10.0.40219.1
Project("{9A19103F-16F7-4668-BE54-9A1E7A4F7556}") = "FunnyWaterCarrier", "FunnyWaterCarrier\FunnyWaterCarrier.csproj", "{CF38A90D-0EFA-4022-B2EB-DA64ECA52A12}"
EndProject
Global
	GlobalSection(SolutionConfigurationPlatforms) = preSolution
		Debug|Any CPU = Debug|Any CPU
		Release|Any CPU = Release|Any CPU
	EndGlobalSection
	GlobalSection(ProjectConfigurationPlatforms) = postSolution
		{CF38A90D-0EFA-4022-B2EB-DA64ECA52A12}.Debug|Any CPU.ActiveCfg = Debug|Any CPU
		{CF38A90D-0EFA-4022-B2EB-DA64ECA52A12}.Debug|Any CPU.Build.0 = Debug|Any CPU
		{CF38A90D-0EFA-4022-B2EB-DA64ECA52A12}.Release|Any CPU.ActiveCfg = Release|Any CPU
		{CF38A90D-0EFA-4022-B2EB-DA64ECA52A12}.Release|Any CPU.Build.0 = Release|Any CPU
	EndGlobalSection
	GlobalSection(SolutionProperties) = preSolution
		HideSolutionNode = FALSE
	EndGlobalSection
	GlobalSection(ExtensibilityGlobals) = postSolution
		SolutionGuid = {64AA23A6-3BEB-4A7B-8B77-CE15A9A6A76E}
	EndGlobalSection
EndGlobal
